
Microsoft Visual Studio Solution File, Format Version 12.00
# Visual Studio 15
VisualStudioVersion = 15.0.27428.2037
MinimumVisualStudioVersion = 10.0.40219.1
Project("{888888A0-9F3D-457C-B088-3A5042F75D52}") = "Homework_6", "Homework_6\Homework_6.pyproj", "{4E990715-F954-4785-919D-BF052DBFDB95}"
EndProject
Global
	GlobalSection(SolutionConfigurationPlatforms) = preSolution
		Debug|Any CPU = Debug|Any CPU
		Release|Any CPU = Release|Any CPU
	EndGlobalSection
	GlobalSection(ProjectConfigurationPlatforms) = postSolution
		{4E990715-F954-4785-919D-BF052DBFDB95}.Debug|Any CPU.ActiveCfg = Debug|Any CPU
		{4E990715-F954-4785-919D-BF052DBFDB95}.Release|Any CPU.ActiveCfg = Release|Any CPU
	EndGlobalSection
	GlobalSection(SolutionProperties) = preSolution
		HideSolutionNode = FALSE
	EndGlobalSection
	GlobalSection(ExtensibilityGlobals) = postSolution
		SolutionGuid = {7FDD47A8-38CC-4B67-B87F-F9346F8675CF}
	EndGlobalSection
EndGlobal
