
Microsoft Visual Studio Solution File, Format Version 12.00
# Visual Studio 15
VisualStudioVersion = 15.0.27130.2027
MinimumVisualStudioVersion = 10.0.40219.1
Project("{888888A0-9F3D-457C-B088-3A5042F75D52}") = "Lab_4", "Lab_4\Lab_4.pyproj", "{5CD1A5CE-12B6-42BF-AF3B-4C9E0874F77B}"
EndProject
Global
	GlobalSection(SolutionConfigurationPlatforms) = preSolution
		Debug|Any CPU = Debug|Any CPU
		Release|Any CPU = Release|Any CPU
	EndGlobalSection
	GlobalSection(ProjectConfigurationPlatforms) = postSolution
		{5CD1A5CE-12B6-42BF-AF3B-4C9E0874F77B}.Debug|Any CPU.ActiveCfg = Debug|Any CPU
		{5CD1A5CE-12B6-42BF-AF3B-4C9E0874F77B}.Release|Any CPU.ActiveCfg = Release|Any CPU
	EndGlobalSection
	GlobalSection(SolutionProperties) = preSolution
		HideSolutionNode = FALSE
	EndGlobalSection
	GlobalSection(ExtensibilityGlobals) = postSolution
		SolutionGuid = {9AED2D82-E4A2-42A2-B441-F3FBB3B5A934}
	EndGlobalSection
EndGlobal
